
Microsoft Visual Studio Solution File, Format Version 12.00
# Visual Studio Version 17
VisualStudioVersion = 17.14.36202.13
MinimumVisualStudioVersion = 10.0.40219.1
Project("{FAE04EC0-301F-11D3-BF4B-00C04F79EFBC}") = "MauiScreenTime", "MauiScreenTime.csproj", "{063E9292-BCB5-4D56-8172-66BC4B499723}"
EndProject
Project("{FAE04EC0-301F-11D3-BF4B-00C04F79EFBC}") = "TestMauiScreenTime", "..\TestMauiScreenTime\TestMauiScreenTime.csproj", "{FB275668-B0D3-464B-A038-D9B2B14D27C5}"
EndProject
Global
	GlobalSection(SolutionConfigurationPlatforms) = preSolution
		Debug|Any CPU = Debug|Any CPU
		Release|Any CPU = Release|Any CPU
	EndGlobalSection
	GlobalSection(ProjectConfigurationPlatforms) = postSolution
		{063E9292-BCB5-4D56-8172-66BC4B499723}.Debug|Any CPU.ActiveCfg = Debug|Any CPU
		{063E9292-BCB5-4D56-8172-66BC4B499723}.Debug|Any CPU.Build.0 = Debug|Any CPU
		{063E9292-BCB5-4D56-8172-66BC4B499723}.Debug|Any CPU.Deploy.0 = Debug|Any CPU
		{063E9292-BCB5-4D56-8172-66BC4B499723}.Release|Any CPU.ActiveCfg = Release|Any CPU
		{063E9292-BCB5-4D56-8172-66BC4B499723}.Release|Any CPU.Build.0 = Release|Any CPU
		{FB275668-B0D3-464B-A038-D9B2B14D27C5}.Debug|Any CPU.ActiveCfg = Debug|Any CPU
		{FB275668-B0D3-464B-A038-D9B2B14D27C5}.Debug|Any CPU.Build.0 = Debug|Any CPU
		{FB275668-B0D3-464B-A038-D9B2B14D27C5}.Release|Any CPU.ActiveCfg = Release|Any CPU
		{FB275668-B0D3-464B-A038-D9B2B14D27C5}.Release|Any CPU.Build.0 = Release|Any CPU
	EndGlobalSection
	GlobalSection(SolutionProperties) = preSolution
		HideSolutionNode = FALSE
	EndGlobalSection
	GlobalSection(ExtensibilityGlobals) = postSolution
		SolutionGuid = {EA094223-0718-454C-BF7C-1974015C3453}
	EndGlobalSection
EndGlobal
